
Microsoft Visual Studio Solution File, Format Version 12.00
# Visual Studio Version 16
VisualStudioVersion = 16.0.32413.511
MinimumVisualStudioVersion = 10.0.40219.1
Project("{9A19103F-16F7-4668-BE54-9A1E7A4F7556}") = "EShopApi", "EShopApi\EShopApi.csproj", "{7F0DFBAD-9D08-4F4D-8F43-6ED531328777}"
EndProject
Project("{9A19103F-16F7-4668-BE54-9A1E7A4F7556}") = "EShopApi.Test", "EShopApi.Test\EShopApi.Test.csproj", "{0FF942AC-400A-4EF5-AAFB-EC3773B26DBD}"
EndProject
Project("{FAE04EC0-301F-11D3-BF4B-00C04F79EFBC}") = "WebClient", "WebClient\WebClient.csproj", "{79C7B200-3469-4ABF-B515-D73F09086B3E}"
EndProject
Global
	GlobalSection(SolutionConfigurationPlatforms) = preSolution
		Debug|Any CPU = Debug|Any CPU
		Release|Any CPU = Release|Any CPU
	EndGlobalSection
	GlobalSection(ProjectConfigurationPlatforms) = postSolution
		{7F0DFBAD-9D08-4F4D-8F43-6ED531328777}.Debug|Any CPU.ActiveCfg = Debug|Any CPU
		{7F0DFBAD-9D08-4F4D-8F43-6ED531328777}.Debug|Any CPU.Build.0 = Debug|Any CPU
		{7F0DFBAD-9D08-4F4D-8F43-6ED531328777}.Release|Any CPU.ActiveCfg = Release|Any CPU
		{7F0DFBAD-9D08-4F4D-8F43-6ED531328777}.Release|Any CPU.Build.0 = Release|Any CPU
		{0FF942AC-400A-4EF5-AAFB-EC3773B26DBD}.Debug|Any CPU.ActiveCfg = Debug|Any CPU
		{0FF942AC-400A-4EF5-AAFB-EC3773B26DBD}.Debug|Any CPU.Build.0 = Debug|Any CPU
		{0FF942AC-400A-4EF5-AAFB-EC3773B26DBD}.Release|Any CPU.ActiveCfg = Release|Any CPU
		{0FF942AC-400A-4EF5-AAFB-EC3773B26DBD}.Release|Any CPU.Build.0 = Release|Any CPU
		{79C7B200-3469-4ABF-B515-D73F09086B3E}.Debug|Any CPU.ActiveCfg = Debug|Any CPU
		{79C7B200-3469-4ABF-B515-D73F09086B3E}.Debug|Any CPU.Build.0 = Debug|Any CPU
		{79C7B200-3469-4ABF-B515-D73F09086B3E}.Release|Any CPU.ActiveCfg = Release|Any CPU
		{79C7B200-3469-4ABF-B515-D73F09086B3E}.Release|Any CPU.Build.0 = Release|Any CPU
	EndGlobalSection
	GlobalSection(SolutionProperties) = preSolution
		HideSolutionNode = FALSE
	EndGlobalSection
	GlobalSection(ExtensibilityGlobals) = postSolution
		SolutionGuid = {FF1B0913-B61C-41D4-9CDA-6B4AC4029C47}
	EndGlobalSection
EndGlobal
